
Microsoft Visual Studio Solution File, Format Version 12.00
# Visual Studio 2013
VisualStudioVersion = 12.0.21005.1
MinimumVisualStudioVersion = 10.0.40219.1
Project("{FAE04EC0-301F-11D3-BF4B-00C04F79EFBC}") = "GatorGradNet", "GatorGradNet\GatorGradNet.csproj", "{8136C715-F64F-4850-9E83-AB4F36C10B33}"
EndProject
Project("{FAE04EC0-301F-11D3-BF4B-00C04F79EFBC}") = "NHibernateLibrary", "NHibernateLibrary\NHibernateLibrary.csproj", "{87AE8A64-15BF-498B-AB3E-4D49DB2F60DD}"
EndProject
Project("{FAE04EC0-301F-11D3-BF4B-00C04F79EFBC}") = "GradNetBusinessLayer", "BusinessLayer\GradNetBusinessLayer.csproj", "{670C4EAA-EBD2-4A57-9FFB-FB015E378AE3}"
EndProject
Project("{FAE04EC0-301F-11D3-BF4B-00C04F79EFBC}") = "Common", "Common\Common.csproj", "{16C523A8-D968-4F8F-A045-7193560EA610}"
EndProject
Global
	GlobalSection(SolutionConfigurationPlatforms) = preSolution
		Debug|Any CPU = Debug|Any CPU
		Release|Any CPU = Release|Any CPU
	EndGlobalSection
	GlobalSection(ProjectConfigurationPlatforms) = postSolution
		{8136C715-F64F-4850-9E83-AB4F36C10B33}.Debug|Any CPU.ActiveCfg = Debug|Any CPU
		{8136C715-F64F-4850-9E83-AB4F36C10B33}.Debug|Any CPU.Build.0 = Debug|Any CPU
		{8136C715-F64F-4850-9E83-AB4F36C10B33}.Release|Any CPU.ActiveCfg = Release|Any CPU
		{8136C715-F64F-4850-9E83-AB4F36C10B33}.Release|Any CPU.Build.0 = Release|Any CPU
		{87AE8A64-15BF-498B-AB3E-4D49DB2F60DD}.Debug|Any CPU.ActiveCfg = Debug|Any CPU
		{87AE8A64-15BF-498B-AB3E-4D49DB2F60DD}.Debug|Any CPU.Build.0 = Debug|Any CPU
		{87AE8A64-15BF-498B-AB3E-4D49DB2F60DD}.Release|Any CPU.ActiveCfg = Release|Any CPU
		{87AE8A64-15BF-498B-AB3E-4D49DB2F60DD}.Release|Any CPU.Build.0 = Release|Any CPU
		{670C4EAA-EBD2-4A57-9FFB-FB015E378AE3}.Debug|Any CPU.ActiveCfg = Debug|Any CPU
		{670C4EAA-EBD2-4A57-9FFB-FB015E378AE3}.Debug|Any CPU.Build.0 = Debug|Any CPU
		{670C4EAA-EBD2-4A57-9FFB-FB015E378AE3}.Release|Any CPU.ActiveCfg = Release|Any CPU
		{670C4EAA-EBD2-4A57-9FFB-FB015E378AE3}.Release|Any CPU.Build.0 = Release|Any CPU
		{16C523A8-D968-4F8F-A045-7193560EA610}.Debug|Any CPU.ActiveCfg = Debug|Any CPU
		{16C523A8-D968-4F8F-A045-7193560EA610}.Debug|Any CPU.Build.0 = Debug|Any CPU
		{16C523A8-D968-4F8F-A045-7193560EA610}.Release|Any CPU.ActiveCfg = Release|Any CPU
		{16C523A8-D968-4F8F-A045-7193560EA610}.Release|Any CPU.Build.0 = Release|Any CPU
	EndGlobalSection
	GlobalSection(SolutionProperties) = preSolution
		HideSolutionNode = FALSE
	EndGlobalSection
EndGlobal
